// !$*UTF8*$!
{
	archiveVersion = 1;
	classes = {
	};
	objectVersion = 56;
	objects = {

/* Begin PBXBuildFile section */
		6E05A4BC28F07FC300CA0287 /* .swiftlint.yml in Resources */ = {isa = PBXBuildFile; fileRef = 6E05A4BA28F07FC300CA0287 /* .swiftlint.yml */; };
		6E05A4BD28F07FC300CA0287 /* .gitignore in Resources */ = {isa = PBXBuildFile; fileRef = 6E05A4BB28F07FC300CA0287 /* .gitignore */; };
		6E05A50528F18F6600CA0287 /* MainReducer-tests.swift in Sources */ = {isa = PBXBuildFile; fileRef = 6E05A50428F18F6600CA0287 /* MainReducer-tests.swift */; };
		6E34A48828F0367A00A95FD1 /* Main.swift in Sources */ = {isa = PBXBuildFile; fileRef = 6E34A48528F0367A00A95FD1 /* Main.swift */; };
		6E34A48928F0367A00A95FD1 /* MainView.swift in Sources */ = {isa = PBXBuildFile; fileRef = 6E34A48628F0367A00A95FD1 /* MainView.swift */; };
		6E48377128ECA06D00B67CA4 /* Localizable.strings in Resources */ = {isa = PBXBuildFile; fileRef = 6E48376928ECA06D00B67CA4 /* Localizable.strings */; };
		6E48379028ECA08F00B67CA4 /* Assets.xcassets in Resources */ = {isa = PBXBuildFile; fileRef = 6E48378F28ECA08F00B67CA4 /* Assets.xcassets */; };
		6ED91E19293FB72600728E2B /* config.swift in Sources */ = {isa = PBXBuildFile; fileRef = 6ED91E18293FB72600728E2B /* config.swift */; };
		6ED91E23293FB7BB00728E2B /* ui-tests.swift in Sources */ = {isa = PBXBuildFile; fileRef = 6ED91E22293FB7BB00728E2B /* ui-tests.swift */; };
/* End PBXBuildFile section */

/* Begin PBXContainerItemProxy section */
		6E05A50628F18F6600CA0287 /* PBXContainerItemProxy */ = {
			isa = PBXContainerItemProxy;
			containerPortal = 6E48373D28EC991100B67CA4 /* Project object */;
			proxyType = 1;
			remoteGlobalIDString = 6E48374428EC991100B67CA4;
			remoteInfo = xxxxx;
		};
		6ED91E26293FB7BB00728E2B /* PBXContainerItemProxy */ = {
			isa = PBXContainerItemProxy;
			containerPortal = 6E48373D28EC991100B67CA4 /* Project object */;
			proxyType = 1;
			remoteGlobalIDString = 6E48374428EC991100B67CA4;
			remoteInfo = "<#Project#>";
		};
/* End PBXContainerItemProxy section */

/* Begin PBXFileReference section */
		6E05A4B628F07F3A00CA0287 /* FeatureView.swift */ = {isa = PBXFileReference; fileEncoding = 4; lastKnownFileType = sourcecode.swift; path = FeatureView.swift; sourceTree = "<group>"; };
		6E05A4BA28F07FC300CA0287 /* .swiftlint.yml */ = {isa = PBXFileReference; fileEncoding = 4; lastKnownFileType = text.yaml; path = .swiftlint.yml; sourceTree = SOURCE_ROOT; };
		6E05A4BB28F07FC300CA0287 /* .gitignore */ = {isa = PBXFileReference; fileEncoding = 4; lastKnownFileType = text; path = .gitignore; sourceTree = SOURCE_ROOT; };
		6E05A50228F18F6600CA0287 /* <#App#>Tests.xctest */ = {isa = PBXFileReference; explicitFileType = wrapper.cfbundle; includeInIndex = 0; path = "<#App#>Tests.xctest"; sourceTree = BUILT_PRODUCTS_DIR; };
		6E05A50428F18F6600CA0287 /* MainReducer-tests.swift */ = {isa = PBXFileReference; lastKnownFileType = sourcecode.swift; path = "MainReducer-tests.swift"; sourceTree = "<group>"; };
		6E34A48528F0367A00A95FD1 /* Main.swift */ = {isa = PBXFileReference; fileEncoding = 4; lastKnownFileType = sourcecode.swift; path = Main.swift; sourceTree = "<group>"; };
		6E34A48628F0367A00A95FD1 /* MainView.swift */ = {isa = PBXFileReference; fileEncoding = 4; lastKnownFileType = sourcecode.swift; path = MainView.swift; sourceTree = "<group>"; };
		6E48374528EC991100B67CA4 /* <#App#>.app */ = {isa = PBXFileReference; explicitFileType = wrapper.application; includeInIndex = 0; path = "<#App#>.app"; sourceTree = BUILT_PRODUCTS_DIR; };
		6E48376928ECA06D00B67CA4 /* Localizable.strings */ = {isa = PBXFileReference; fileEncoding = 4; lastKnownFileType = text.plist.strings; path = Localizable.strings; sourceTree = "<group>"; };
		6E48378F28ECA08F00B67CA4 /* Assets.xcassets */ = {isa = PBXFileReference; lastKnownFileType = folder.assetcatalog; path = Assets.xcassets; sourceTree = "<group>"; };
		6ED91E18293FB72600728E2B /* config.swift */ = {isa = PBXFileReference; lastKnownFileType = sourcecode.swift; path = config.swift; sourceTree = "<group>"; };
		6ED91E20293FB7BB00728E2B /* <#App#>UITests.xctest */ = {isa = PBXFileReference; explicitFileType = wrapper.cfbundle; includeInIndex = 0; path = "<#App#>UITests.xctest"; sourceTree = BUILT_PRODUCTS_DIR; };
		6ED91E22293FB7BB00728E2B /* ui-tests.swift */ = {isa = PBXFileReference; lastKnownFileType = sourcecode.swift; path = "ui-tests.swift"; sourceTree = "<group>"; };
		6ED91E2B293FB81300728E2B /* Full.xctestplan */ = {isa = PBXFileReference; lastKnownFileType = text; path = Full.xctestplan; sourceTree = "<group>"; };
		6ED91E2C293FB82C00728E2B /* Unit.xctestplan */ = {isa = PBXFileReference; lastKnownFileType = text; path = Unit.xctestplan; sourceTree = "<group>"; };
/* End PBXFileReference section */

/* Begin PBXFrameworksBuildPhase section */
		6E05A4FF28F18F6600CA0287 /* Frameworks */ = {
			isa = PBXFrameworksBuildPhase;
			buildActionMask = 2147483647;
			files = (
			);
			runOnlyForDeploymentPostprocessing = 0;
		};
		6E48374228EC991100B67CA4 /* Frameworks */ = {
			isa = PBXFrameworksBuildPhase;
			buildActionMask = 2147483647;
			files = (
			);
			runOnlyForDeploymentPostprocessing = 0;
		};
		6ED91E1D293FB7BB00728E2B /* Frameworks */ = {
			isa = PBXFrameworksBuildPhase;
			buildActionMask = 2147483647;
			files = (
			);
			runOnlyForDeploymentPostprocessing = 0;
		};
/* End PBXFrameworksBuildPhase section */

/* Begin PBXGroup section */
		6E05A4B528F07F3100CA0287 /* feature */ = {
			isa = PBXGroup;
			children = (
				6ED91E16293FB6DC00728E2B /* view */,
				6ED91E15293FB6D900728E2B /* services */,
				6ED91E14293FB6D600728E2B /* models */,
			);
			path = feature;
			sourceTree = "<group>";
		};
		6E05A50328F18F6600CA0287 /* tests */ = {
			isa = PBXGroup;
			children = (
				6ED91E2B293FB81300728E2B /* Full.xctestplan */,
				6ED91E2C293FB82C00728E2B /* Unit.xctestplan */,
				6ED91E1A293FB7A100728E2B /* unit */,
				6ED91E1B293FB7A500728E2B /* ui */,
			);
			path = tests;
			sourceTree = "<group>";
		};
		6E48373C28EC991100B67CA4 = {
			isa = PBXGroup;
			children = (
				6E48376428ECA06D00B67CA4 /* source */,
				6E05A50328F18F6600CA0287 /* tests */,
				6E48376628ECA06D00B67CA4 /* resources */,
				6E48376528ECA06D00B67CA4 /* config */,
				6E48374628EC991100B67CA4 /* Products */,
			);
			sourceTree = "<group>";
		};
		6E48374628EC991100B67CA4 /* Products */ = {
			isa = PBXGroup;
			children = (
				6E48374528EC991100B67CA4 /* <#App#>.app */,
				6E05A50228F18F6600CA0287 /* <#App#>Tests.xctest */,
				6ED91E20293FB7BB00728E2B /* <#App#>UITests.xctest */,
			);
			name = Products;
			sourceTree = "<group>";
		};
		6E48376428ECA06D00B67CA4 /* source */ = {
			isa = PBXGroup;
			children = (
				6E34A48528F0367A00A95FD1 /* Main.swift */,
				6E34A48628F0367A00A95FD1 /* MainView.swift */,
				6E05A4B528F07F3100CA0287 /* feature */,
			);
			path = source;
			sourceTree = "<group>";
		};
		6E48376528ECA06D00B67CA4 /* config */ = {
			isa = PBXGroup;
			children = (
				6ED91E18293FB72600728E2B /* config.swift */,
				6E05A4BB28F07FC300CA0287 /* .gitignore */,
				6E05A4BA28F07FC300CA0287 /* .swiftlint.yml */,
			);
			path = config;
			sourceTree = "<group>";
		};
		6E48376628ECA06D00B67CA4 /* resources */ = {
			isa = PBXGroup;
			children = (
				6E48376728ECA06D00B67CA4 /* locale */,
				6E48376B28ECA06D00B67CA4 /* assets */,
				6ED91E17293FB6EA00728E2B /* lib */,
				6E48376A28ECA06D00B67CA4 /* previews */,
			);
			path = resources;
			sourceTree = "<group>";
		};
		6E48376728ECA06D00B67CA4 /* locale */ = {
			isa = PBXGroup;
			children = (
				6E48376928ECA06D00B67CA4 /* Localizable.strings */,
			);
			path = locale;
			sourceTree = "<group>";
		};
		6E48376A28ECA06D00B67CA4 /* previews */ = {
			isa = PBXGroup;
			children = (
			);
			path = previews;
			sourceTree = "<group>";
		};
		6E48376B28ECA06D00B67CA4 /* assets */ = {
			isa = PBXGroup;
			children = (
				6E48378F28ECA08F00B67CA4 /* Assets.xcassets */,
			);
			path = assets;
			sourceTree = "<group>";
		};
		6ED91E14293FB6D600728E2B /* models */ = {
			isa = PBXGroup;
			children = (
			);
			path = models;
			sourceTree = "<group>";
		};
		6ED91E15293FB6D900728E2B /* services */ = {
			isa = PBXGroup;
			children = (
			);
			path = services;
			sourceTree = "<group>";
		};
		6ED91E16293FB6DC00728E2B /* view */ = {
			isa = PBXGroup;
			children = (
				6E05A4B628F07F3A00CA0287 /* FeatureView.swift */,
			);
			path = view;
			sourceTree = "<group>";
		};
		6ED91E17293FB6EA00728E2B /* lib */ = {
			isa = PBXGroup;
			children = (
			);
			path = lib;
			sourceTree = "<group>";
		};
		6ED91E1A293FB7A100728E2B /* unit */ = {
			isa = PBXGroup;
			children = (
				6E05A50428F18F6600CA0287 /* MainReducer-tests.swift */,
			);
			path = unit;
			sourceTree = "<group>";
		};
		6ED91E1B293FB7A500728E2B /* ui */ = {
			isa = PBXGroup;
			children = (
				6ED91E22293FB7BB00728E2B /* ui-tests.swift */,
			);
			path = ui;
			sourceTree = "<group>";
		};
/* End PBXGroup section */

/* Begin PBXNativeTarget section */
		6E05A50128F18F6600CA0287 /* <#App#>Tests */ = {
			isa = PBXNativeTarget;
			buildConfigurationList = 6E05A50A28F18F6600CA0287 /* Build configuration list for PBXNativeTarget "<#App#>Tests" */;
			buildPhases = (
				6E05A4FE28F18F6600CA0287 /* Sources */,
				6E05A4FF28F18F6600CA0287 /* Frameworks */,
				6E05A50028F18F6600CA0287 /* Resources */,
			);
			buildRules = (
			);
			dependencies = (
				6E05A50728F18F6600CA0287 /* PBXTargetDependency */,
			);
			name = "<#App#>Tests";
			productName = xxxxxTests;
			productReference = 6E05A50228F18F6600CA0287 /* <#App#>Tests.xctest */;
			productType = "com.apple.product-type.bundle.unit-test";
		};
		6E48374428EC991100B67CA4 /* <#App#> */ = {
			isa = PBXNativeTarget;
			buildConfigurationList = 6E48375328EC991200B67CA4 /* Build configuration list for PBXNativeTarget "<#App#>" */;
			buildPhases = (
				6E48379228ECA83B00B67CA4 /* ShellScript */,
				6E48374128EC991100B67CA4 /* Sources */,
				6E48374228EC991100B67CA4 /* Frameworks */,
				6E48374328EC991100B67CA4 /* Resources */,
			);
			buildRules = (
			);
			dependencies = (
			);
			name = "<#App#>";
			packageProductDependencies = (
			);
			productName = xxxxx;
			productReference = 6E48374528EC991100B67CA4 /* <#App#>.app */;
			productType = "com.apple.product-type.application";
		};
		6ED91E1F293FB7BB00728E2B /* <#App#>UITests */ = {
			isa = PBXNativeTarget;
			buildConfigurationList = 6ED91E28293FB7BB00728E2B /* Build configuration list for PBXNativeTarget "<#App#>UITests" */;
			buildPhases = (
				6ED91E1C293FB7BB00728E2B /* Sources */,
				6ED91E1D293FB7BB00728E2B /* Frameworks */,
				6ED91E1E293FB7BB00728E2B /* Resources */,
			);
			buildRules = (
			);
			dependencies = (
				6ED91E27293FB7BB00728E2B /* PBXTargetDependency */,
			);
			name = "<#App#>UITests";
			productName = "<#Project#>UITests";
			productReference = 6ED91E20293FB7BB00728E2B /* <#App#>UITests.xctest */;
			productType = "com.apple.product-type.bundle.ui-testing";
		};
/* End PBXNativeTarget section */

/* Begin PBXProject section */
		6E48373D28EC991100B67CA4 /* Project object */ = {
			isa = PBXProject;
			attributes = {
				BuildIndependentTargetsInParallel = 1;
				LastSwiftUpdateCheck = 1410;
				LastUpgradeCheck = 1400;
				TargetAttributes = {
					6E05A50128F18F6600CA0287 = {
						CreatedOnToolsVersion = 14.0.1;
						TestTargetID = 6E48374428EC991100B67CA4;
					};
					6E48374428EC991100B67CA4 = {
						CreatedOnToolsVersion = 14.0.1;
					};
					6ED91E1F293FB7BB00728E2B = {
						CreatedOnToolsVersion = 14.1;
						TestTargetID = 6E48374428EC991100B67CA4;
					};
				};
			};
			buildConfigurationList = 6E48374028EC991100B67CA4 /* Build configuration list for PBXProject "<#Project#>" */;
			compatibilityVersion = "Xcode 14.0";
			developmentRegion = en;
			hasScannedForEncodings = 0;
			knownRegions = (
				en,
				Base,
			);
			mainGroup = 6E48373C28EC991100B67CA4;
			productRefGroup = 6E48374628EC991100B67CA4 /* Products */;
			projectDirPath = "";
			projectRoot = "";
			targets = (
				6E48374428EC991100B67CA4 /* <#App#> */,
				6E05A50128F18F6600CA0287 /* <#App#>Tests */,
				6ED91E1F293FB7BB00728E2B /* <#App#>UITests */,
			);
		};
/* End PBXProject section */

/* Begin PBXResourcesBuildPhase section */
		6E05A50028F18F6600CA0287 /* Resources */ = {
			isa = PBXResourcesBuildPhase;
			buildActionMask = 2147483647;
			files = (
			);
			runOnlyForDeploymentPostprocessing = 0;
		};
		6E48374328EC991100B67CA4 /* Resources */ = {
			isa = PBXResourcesBuildPhase;
			buildActionMask = 2147483647;
			files = (
				6E05A4BD28F07FC300CA0287 /* .gitignore in Resources */,
				6E05A4BC28F07FC300CA0287 /* .swiftlint.yml in Resources */,
				6E48379028ECA08F00B67CA4 /* Assets.xcassets in Resources */,
				6E48377128ECA06D00B67CA4 /* Localizable.strings in Resources */,
			);
			runOnlyForDeploymentPostprocessing = 0;
		};
		6ED91E1E293FB7BB00728E2B /* Resources */ = {
			isa = PBXResourcesBuildPhase;
			buildActionMask = 2147483647;
			files = (
			);
			runOnlyForDeploymentPostprocessing = 0;
		};
/* End PBXResourcesBuildPhase section */

/* Begin PBXShellScriptBuildPhase section */
		6E48379228ECA83B00B67CA4 /* ShellScript */ = {
			isa = PBXShellScriptBuildPhase;
			alwaysOutOfDate = 1;
			buildActionMask = 2147483647;
			files = (
			);
			inputFileListPaths = (
			);
			inputPaths = (
			);
			outputFileListPaths = (
			);
			outputPaths = (
			);
			runOnlyForDeploymentPostprocessing = 0;
			shellPath = /bin/sh;
			shellScript = "export PATH=\"$PATH:/opt/homebrew/bin\"\nif which swiftlint > /dev/null; then\n  swiftlint\nelse\n  echo \"warning: Swiftlint not installed.\"\nfi\n";
		};
/* End PBXShellScriptBuildPhase section */

/* Begin PBXSourcesBuildPhase section */
		6E05A4FE28F18F6600CA0287 /* Sources */ = {
			isa = PBXSourcesBuildPhase;
			buildActionMask = 2147483647;
			files = (
				6E05A50528F18F6600CA0287 /* MainReducer-tests.swift in Sources */,
			);
			runOnlyForDeploymentPostprocessing = 0;
		};
		6E48374128EC991100B67CA4 /* Sources */ = {
			isa = PBXSourcesBuildPhase;
			buildActionMask = 2147483647;
			files = (
				6E34A48828F0367A00A95FD1 /* Main.swift in Sources */,
				6E34A48928F0367A00A95FD1 /* MainView.swift in Sources */,
				6ED91E19293FB72600728E2B /* config.swift in Sources */,
			);
			runOnlyForDeploymentPostprocessing = 0;
		};
		6ED91E1C293FB7BB00728E2B /* Sources */ = {
			isa = PBXSourcesBuildPhase;
			buildActionMask = 2147483647;
			files = (
				6ED91E23293FB7BB00728E2B /* ui-tests.swift in Sources */,
			);
			runOnlyForDeploymentPostprocessing = 0;
		};
/* End PBXSourcesBuildPhase section */

/* Begin PBXTargetDependency section */
		6E05A50728F18F6600CA0287 /* PBXTargetDependency */ = {
			isa = PBXTargetDependency;
			target = 6E48374428EC991100B67CA4 /* <#App#> */;
			targetProxy = 6E05A50628F18F6600CA0287 /* PBXContainerItemProxy */;
		};
		6ED91E27293FB7BB00728E2B /* PBXTargetDependency */ = {
			isa = PBXTargetDependency;
			target = 6E48374428EC991100B67CA4 /* <#App#> */;
			targetProxy = 6ED91E26293FB7BB00728E2B /* PBXContainerItemProxy */;
		};
/* End PBXTargetDependency section */

/* Begin XCBuildConfiguration section */
		6E05A50828F18F6600CA0287 /* Debug */ = {
			isa = XCBuildConfiguration;
			buildSettings = {
				BUNDLE_LOADER = "$(TEST_HOST)";
				CODE_SIGN_STYLE = Automatic;
				CURRENT_PROJECT_VERSION = 1;
				DEVELOPMENT_TEAM = 4UUEFBYP76;
				GENERATE_INFOPLIST_FILE = YES;
				MARKETING_VERSION = 1.0;
				PRODUCT_BUNDLE_IDENTIFIER = "LeoLem.--Project--Tests";
				PRODUCT_NAME = "$(TARGET_NAME)";
				SWIFT_EMIT_LOC_STRINGS = NO;
				SWIFT_VERSION = 5.0;
				TARGETED_DEVICE_FAMILY = "1,2";
				TEST_HOST = "$(BUILT_PRODUCTS_DIR)/<#App#>.app/$(BUNDLE_EXECUTABLE_FOLDER_PATH)/<#App#>";
			};
			name = Debug;
		};
		6E05A50928F18F6600CA0287 /* Release */ = {
			isa = XCBuildConfiguration;
			buildSettings = {
				BUNDLE_LOADER = "$(TEST_HOST)";
				CODE_SIGN_STYLE = Automatic;
				CURRENT_PROJECT_VERSION = 1;
				DEVELOPMENT_TEAM = 4UUEFBYP76;
				GENERATE_INFOPLIST_FILE = YES;
				MARKETING_VERSION = 1.0;
				PRODUCT_BUNDLE_IDENTIFIER = "LeoLem.--Project--Tests";
				PRODUCT_NAME = "$(TARGET_NAME)";
				SWIFT_EMIT_LOC_STRINGS = NO;
				SWIFT_VERSION = 5.0;
				TARGETED_DEVICE_FAMILY = "1,2";
				TEST_HOST = "$(BUILT_PRODUCTS_DIR)/<#App#>.app/$(BUNDLE_EXECUTABLE_FOLDER_PATH)/<#App#>";
			};
			name = Release;
		};
		6E48375128EC991200B67CA4 /* Debug */ = {
			isa = XCBuildConfiguration;
			buildSettings = {
				ALWAYS_SEARCH_USER_PATHS = NO;
				CLANG_ANALYZER_NONNULL = YES;
				CLANG_ANALYZER_NUMBER_OBJECT_CONVERSION = YES_AGGRESSIVE;
				CLANG_CXX_LANGUAGE_STANDARD = "gnu++20";
				CLANG_ENABLE_MODULES = YES;
				CLANG_ENABLE_OBJC_ARC = YES;
				CLANG_ENABLE_OBJC_WEAK = YES;
				CLANG_WARN_BLOCK_CAPTURE_AUTORELEASING = YES;
				CLANG_WARN_BOOL_CONVERSION = YES;
				CLANG_WARN_COMMA = YES;
				CLANG_WARN_CONSTANT_CONVERSION = YES;
				CLANG_WARN_DEPRECATED_OBJC_IMPLEMENTATIONS = YES;
				CLANG_WARN_DIRECT_OBJC_ISA_USAGE = YES_ERROR;
				CLANG_WARN_DOCUMENTATION_COMMENTS = YES;
				CLANG_WARN_EMPTY_BODY = YES;
				CLANG_WARN_ENUM_CONVERSION = YES;
				CLANG_WARN_INFINITE_RECURSION = YES;
				CLANG_WARN_INT_CONVERSION = YES;
				CLANG_WARN_NON_LITERAL_NULL_CONVERSION = YES;
				CLANG_WARN_OBJC_IMPLICIT_RETAIN_SELF = YES;
				CLANG_WARN_OBJC_LITERAL_CONVERSION = YES;
				CLANG_WARN_OBJC_ROOT_CLASS = YES_ERROR;
				CLANG_WARN_QUOTED_INCLUDE_IN_FRAMEWORK_HEADER = YES;
				CLANG_WARN_RANGE_LOOP_ANALYSIS = YES;
				CLANG_WARN_STRICT_PROTOTYPES = YES;
				CLANG_WARN_SUSPICIOUS_MOVE = YES;
				CLANG_WARN_UNGUARDED_AVAILABILITY = YES_AGGRESSIVE;
				CLANG_WARN_UNREACHABLE_CODE = YES;
				CLANG_WARN__DUPLICATE_METHOD_MATCH = YES;
				COPY_PHASE_STRIP = NO;
				DEBUG_INFORMATION_FORMAT = dwarf;
				ENABLE_STRICT_OBJC_MSGSEND = YES;
				ENABLE_TESTABILITY = YES;
				GCC_C_LANGUAGE_STANDARD = gnu11;
				GCC_DYNAMIC_NO_PIC = NO;
				GCC_NO_COMMON_BLOCKS = YES;
				GCC_OPTIMIZATION_LEVEL = 0;
				GCC_PREPROCESSOR_DEFINITIONS = (
					"DEBUG=1",
					"$(inherited)",
				);
				GCC_WARN_64_TO_32_BIT_CONVERSION = YES;
				GCC_WARN_ABOUT_RETURN_TYPE = YES_ERROR;
				GCC_WARN_UNDECLARED_SELECTOR = YES;
				GCC_WARN_UNINITIALIZED_AUTOS = YES_AGGRESSIVE;
				GCC_WARN_UNUSED_FUNCTION = YES;
				GCC_WARN_UNUSED_VARIABLE = YES;
				IPHONEOS_DEPLOYMENT_TARGET = 16.0;
				MTL_ENABLE_DEBUG_INFO = INCLUDE_SOURCE;
				MTL_FAST_MATH = YES;
				ONLY_ACTIVE_ARCH = YES;
				SDKROOT = iphoneos;
				SWIFT_ACTIVE_COMPILATION_CONDITIONS = DEBUG;
				SWIFT_OPTIMIZATION_LEVEL = "-Onone";
			};
			name = Debug;
		};
		6E48375228EC991200B67CA4 /* Release */ = {
			isa = XCBuildConfiguration;
			buildSettings = {
				ALWAYS_SEARCH_USER_PATHS = NO;
				CLANG_ANALYZER_NONNULL = YES;
				CLANG_ANALYZER_NUMBER_OBJECT_CONVERSION = YES_AGGRESSIVE;
				CLANG_CXX_LANGUAGE_STANDARD = "gnu++20";
				CLANG_ENABLE_MODULES = YES;
				CLANG_ENABLE_OBJC_ARC = YES;
				CLANG_ENABLE_OBJC_WEAK = YES;
				CLANG_WARN_BLOCK_CAPTURE_AUTORELEASING = YES;
				CLANG_WARN_BOOL_CONVERSION = YES;
				CLANG_WARN_COMMA = YES;
				CLANG_WARN_CONSTANT_CONVERSION = YES;
				CLANG_WARN_DEPRECATED_OBJC_IMPLEMENTATIONS = YES;
				CLANG_WARN_DIRECT_OBJC_ISA_USAGE = YES_ERROR;
				CLANG_WARN_DOCUMENTATION_COMMENTS = YES;
				CLANG_WARN_EMPTY_BODY = YES;
				CLANG_WARN_ENUM_CONVERSION = YES;
				CLANG_WARN_INFINITE_RECURSION = YES;
				CLANG_WARN_INT_CONVERSION = YES;
				CLANG_WARN_NON_LITERAL_NULL_CONVERSION = YES;
				CLANG_WARN_OBJC_IMPLICIT_RETAIN_SELF = YES;
				CLANG_WARN_OBJC_LITERAL_CONVERSION = YES;
				CLANG_WARN_OBJC_ROOT_CLASS = YES_ERROR;
				CLANG_WARN_QUOTED_INCLUDE_IN_FRAMEWORK_HEADER = YES;
				CLANG_WARN_RANGE_LOOP_ANALYSIS = YES;
				CLANG_WARN_STRICT_PROTOTYPES = YES;
				CLANG_WARN_SUSPICIOUS_MOVE = YES;
				CLANG_WARN_UNGUARDED_AVAILABILITY = YES_AGGRESSIVE;
				CLANG_WARN_UNREACHABLE_CODE = YES;
				CLANG_WARN__DUPLICATE_METHOD_MATCH = YES;
				COPY_PHASE_STRIP = NO;
				DEBUG_INFORMATION_FORMAT = "dwarf-with-dsym";
				ENABLE_NS_ASSERTIONS = NO;
				ENABLE_STRICT_OBJC_MSGSEND = YES;
				GCC_C_LANGUAGE_STANDARD = gnu11;
				GCC_NO_COMMON_BLOCKS = YES;
				GCC_WARN_64_TO_32_BIT_CONVERSION = YES;
				GCC_WARN_ABOUT_RETURN_TYPE = YES_ERROR;
				GCC_WARN_UNDECLARED_SELECTOR = YES;
				GCC_WARN_UNINITIALIZED_AUTOS = YES_AGGRESSIVE;
				GCC_WARN_UNUSED_FUNCTION = YES;
				GCC_WARN_UNUSED_VARIABLE = YES;
				IPHONEOS_DEPLOYMENT_TARGET = 16.0;
				MTL_ENABLE_DEBUG_INFO = NO;
				MTL_FAST_MATH = YES;
				SDKROOT = iphoneos;
				SWIFT_COMPILATION_MODE = wholemodule;
				SWIFT_OPTIMIZATION_LEVEL = "-O";
				VALIDATE_PRODUCT = YES;
			};
			name = Release;
		};
		6E48375428EC991200B67CA4 /* Debug */ = {
			isa = XCBuildConfiguration;
			buildSettings = {
				ASSETCATALOG_COMPILER_APPICON_NAME = AppIcon;
				ASSETCATALOG_COMPILER_GLOBAL_ACCENT_COLOR_NAME = AccentColor;
				CODE_SIGN_STYLE = Automatic;
				CURRENT_PROJECT_VERSION = 1;
				DEVELOPMENT_ASSET_PATHS = resources/previews;
				DEVELOPMENT_TEAM = 4UUEFBYP76;
				ENABLE_PREVIEWS = YES;
				GENERATE_INFOPLIST_FILE = YES;
				INFOPLIST_KEY_UIApplicationSceneManifest_Generation = YES;
				INFOPLIST_KEY_UIApplicationSupportsIndirectInputEvents = YES;
				INFOPLIST_KEY_UILaunchScreen_Generation = YES;
				INFOPLIST_KEY_UISupportedInterfaceOrientations_iPad = "UIInterfaceOrientationPortrait UIInterfaceOrientationPortraitUpsideDown UIInterfaceOrientationLandscapeLeft UIInterfaceOrientationLandscapeRight";
				INFOPLIST_KEY_UISupportedInterfaceOrientations_iPhone = "UIInterfaceOrientationPortrait UIInterfaceOrientationLandscapeLeft UIInterfaceOrientationLandscapeRight";
				IPHONEOS_DEPLOYMENT_TARGET = 16.1;
				LD_RUNPATH_SEARCH_PATHS = (
					"$(inherited)",
					"@executable_path/Frameworks",
				);
				MARKETING_VERSION = 1.0;
				PRODUCT_BUNDLE_IDENTIFIER = LeoLem.DefaultApp;
				PRODUCT_NAME = "$(TARGET_NAME)";
				SUPPORTED_PLATFORMS = "iphoneos iphonesimulator macosx";
				SUPPORTS_MACCATALYST = NO;
				SUPPORTS_MAC_DESIGNED_FOR_IPHONE_IPAD = NO;
				SWIFT_EMIT_LOC_STRINGS = YES;
				SWIFT_VERSION = 5.0;
				TARGETED_DEVICE_FAMILY = "1,2";
			};
			name = Debug;
		};
		6E48375528EC991200B67CA4 /* Release */ = {
			isa = XCBuildConfiguration;
			buildSettings = {
				ASSETCATALOG_COMPILER_APPICON_NAME = AppIcon;
				ASSETCATALOG_COMPILER_GLOBAL_ACCENT_COLOR_NAME = AccentColor;
				CODE_SIGN_STYLE = Automatic;
				CURRENT_PROJECT_VERSION = 1;
				DEVELOPMENT_ASSET_PATHS = resources/previews;
				DEVELOPMENT_TEAM = 4UUEFBYP76;
				ENABLE_PREVIEWS = YES;
				GENERATE_INFOPLIST_FILE = YES;
				INFOPLIST_KEY_UIApplicationSceneManifest_Generation = YES;
				INFOPLIST_KEY_UIApplicationSupportsIndirectInputEvents = YES;
				INFOPLIST_KEY_UILaunchScreen_Generation = YES;
				INFOPLIST_KEY_UISupportedInterfaceOrientations_iPad = "UIInterfaceOrientationPortrait UIInterfaceOrientationPortraitUpsideDown UIInterfaceOrientationLandscapeLeft UIInterfaceOrientationLandscapeRight";
				INFOPLIST_KEY_UISupportedInterfaceOrientations_iPhone = "UIInterfaceOrientationPortrait UIInterfaceOrientationLandscapeLeft UIInterfaceOrientationLandscapeRight";
				IPHONEOS_DEPLOYMENT_TARGET = 16.1;
				LD_RUNPATH_SEARCH_PATHS = (
					"$(inherited)",
					"@executable_path/Frameworks",
				);
				MARKETING_VERSION = 1.0;
				PRODUCT_BUNDLE_IDENTIFIER = LeoLem.DefaultApp;
				PRODUCT_NAME = "$(TARGET_NAME)";
				SUPPORTED_PLATFORMS = "iphoneos iphonesimulator macosx";
				SUPPORTS_MACCATALYST = NO;
				SUPPORTS_MAC_DESIGNED_FOR_IPHONE_IPAD = NO;
				SWIFT_EMIT_LOC_STRINGS = YES;
				SWIFT_VERSION = 5.0;
				TARGETED_DEVICE_FAMILY = "1,2";
			};
			name = Release;
		};
		6ED91E29293FB7BB00728E2B /* Debug */ = {
			isa = XCBuildConfiguration;
			buildSettings = {
				CODE_SIGN_STYLE = Automatic;
				CURRENT_PROJECT_VERSION = 1;
				DEVELOPMENT_TEAM = 4UUEFBYP76;
				GENERATE_INFOPLIST_FILE = YES;
				IPHONEOS_DEPLOYMENT_TARGET = 16.1;
				MARKETING_VERSION = 1.0;
				PRODUCT_BUNDLE_IDENTIFIER = "LeoLem.--Project--UITests";
				PRODUCT_NAME = "$(TARGET_NAME)";
				SWIFT_EMIT_LOC_STRINGS = NO;
				SWIFT_VERSION = 5.0;
				TARGETED_DEVICE_FAMILY = "1,2";
				TEST_TARGET_NAME = "<#Project#>";
			};
			name = Debug;
		};
		6ED91E2A293FB7BB00728E2B /* Release */ = {
			isa = XCBuildConfiguration;
			buildSettings = {
				CODE_SIGN_STYLE = Automatic;
				CURRENT_PROJECT_VERSION = 1;
				DEVELOPMENT_TEAM = 4UUEFBYP76;
				GENERATE_INFOPLIST_FILE = YES;
				IPHONEOS_DEPLOYMENT_TARGET = 16.1;
				MARKETING_VERSION = 1.0;
				PRODUCT_BUNDLE_IDENTIFIER = "LeoLem.--Project--UITests";
				PRODUCT_NAME = "$(TARGET_NAME)";
				SWIFT_EMIT_LOC_STRINGS = NO;
				SWIFT_VERSION = 5.0;
				TARGETED_DEVICE_FAMILY = "1,2";
				TEST_TARGET_NAME = "<#Project#>";
			};
			name = Release;
		};
/* End XCBuildConfiguration section */

/* Begin XCConfigurationList section */
		6E05A50A28F18F6600CA0287 /* Build configuration list for PBXNativeTarget "<#App#>Tests" */ = {
			isa = XCConfigurationList;
			buildConfigurations = (
				6E05A50828F18F6600CA0287 /* Debug */,
				6E05A50928F18F6600CA0287 /* Release */,
			);
			defaultConfigurationIsVisible = 0;
			defaultConfigurationName = Release;
		};
		6E48374028EC991100B67CA4 /* Build configuration list for PBXProject "<#Project#>" */ = {
			isa = XCConfigurationList;
			buildConfigurations = (
				6E48375128EC991200B67CA4 /* Debug */,
				6E48375228EC991200B67CA4 /* Release */,
			);
			defaultConfigurationIsVisible = 0;
			defaultConfigurationName = Release;
		};
		6E48375328EC991200B67CA4 /* Build configuration list for PBXNativeTarget "<#App#>" */ = {
			isa = XCConfigurationList;
			buildConfigurations = (
				6E48375428EC991200B67CA4 /* Debug */,
				6E48375528EC991200B67CA4 /* Release */,
			);
			defaultConfigurationIsVisible = 0;
			defaultConfigurationName = Release;
		};
		6ED91E28293FB7BB00728E2B /* Build configuration list for PBXNativeTarget "<#App#>UITests" */ = {
			isa = XCConfigurationList;
			buildConfigurations = (
				6ED91E29293FB7BB00728E2B /* Debug */,
				6ED91E2A293FB7BB00728E2B /* Release */,
			);
			defaultConfigurationIsVisible = 0;
			defaultConfigurationName = Release;
		};
/* End XCConfigurationList section */
	};
	rootObject = 6E48373D28EC991100B67CA4 /* Project object */;
}
